
Microsoft Visual Studio Solution File, Format Version 12.00
Project("{FAE04EC0-301F-11D3-BF4B-00C04F79EFBC}") = "Airport_Tickets_System", "Airport_Tickets_System\Airport_Tickets_System.csproj", "{000F63D0-873A-4D96-8709-95579AC5DE87}"
EndProject
Global
	GlobalSection(SolutionConfigurationPlatforms) = preSolution
		Debug|Any CPU = Debug|Any CPU
		Release|Any CPU = Release|Any CPU
	EndGlobalSection
	GlobalSection(ProjectConfigurationPlatforms) = postSolution
		{000F63D0-873A-4D96-8709-95579AC5DE87}.Debug|Any CPU.ActiveCfg = Debug|Any CPU
		{000F63D0-873A-4D96-8709-95579AC5DE87}.Debug|Any CPU.Build.0 = Debug|Any CPU
		{000F63D0-873A-4D96-8709-95579AC5DE87}.Release|Any CPU.ActiveCfg = Release|Any CPU
		{000F63D0-873A-4D96-8709-95579AC5DE87}.Release|Any CPU.Build.0 = Release|Any CPU
	EndGlobalSection
EndGlobal
